
Microsoft Visual Studio Solution File, Format Version 12.00
# Visual Studio 14
VisualStudioVersion = 14.0.25420.1
MinimumVisualStudioVersion = 10.0.40219.1
Project("{8BC9CEB8-8B4A-11D0-8D11-00A0C91BC942}") = "IPAGL", "..\IPAGL\IPAGL.2015.vcxproj", "{42C82BC3-D0DD-4E59-B8A0-DC3DF7984F1A}"
EndProject
Project("{8BC9CEB8-8B4A-11D0-8D11-00A0C91BC942}") = "motionPlanning", "..\motionPlanning\VisualCPP\motionPlanning.2015.vcxproj", "{9300B359-D2B4-4153-9A9E-EC6CAF972DCF}"
	ProjectSection(ProjectDependencies) = postProject
		{4768D5EE-79AB-4167-911A-7493D7E18945} = {4768D5EE-79AB-4167-911A-7493D7E18945}
	EndProjectSection
EndProject
Project("{8BC9CEB8-8B4A-11D0-8D11-00A0C91BC942}") = "motionPlanningPyBindings", "..\motionPlanningPyBindings\motionPlanningPyBindings.2015.vcxproj", "{6175E984-2B96-41E2-9FD9-284C308AF155}"
EndProject
Project("{8BC9CEB8-8B4A-11D0-8D11-00A0C91BC942}") = "MPy", "..\MPy\MPy.2015.vcxproj", "{DF87FC49-7678-CD14-44F2-A421F2B6A51E}"
	ProjectSection(ProjectDependencies) = postProject
		{9300B359-D2B4-4153-9A9E-EC6CAF972DCF} = {9300B359-D2B4-4153-9A9E-EC6CAF972DCF}
		{6175E984-2B96-41E2-9FD9-284C308AF155} = {6175E984-2B96-41E2-9FD9-284C308AF155}
	EndProjectSection
EndProject
Project("{8BC9CEB8-8B4A-11D0-8D11-00A0C91BC942}") = "sqlite", "..\sqlite\VisualCPP\sqlite.2015.vcxproj", "{DD59FE72-FA0A-4F3B-9288-B2ED94218FC9}"
EndProject
Project("{8BC9CEB8-8B4A-11D0-8D11-00A0C91BC942}") = "tinyXML", "..\tinyXML\VisualCPP\tinyXML.2015.vcxproj", "{4768D5EE-79AB-4167-911A-7493D7E18945}"
EndProject
Project("{8BC9CEB8-8B4A-11D0-8D11-00A0C91BC942}") = "WiPy", "..\WiPy\WiPy.2015.vcxproj", "{37CC2307-CEC1-BA46-EA1A-6D5D3F222489}"
	ProjectSection(ProjectDependencies) = postProject
		{9300B359-D2B4-4153-9A9E-EC6CAF972DCF} = {9300B359-D2B4-4153-9A9E-EC6CAF972DCF}
		{6175E984-2B96-41E2-9FD9-284C308AF155} = {6175E984-2B96-41E2-9FD9-284C308AF155}
		{793E1DCB-1020-4A14-A6E2-A10551523709} = {793E1DCB-1020-4A14-A6E2-A10551523709}
	EndProjectSection
EndProject
Project("{8BC9CEB8-8B4A-11D0-8D11-00A0C91BC942}") = "WireLib", "..\WireLib\VisualCPP\WireLib.2015.vcxproj", "{50D63844-4197-44E2-894F-408905CA26D2}"
	ProjectSection(ProjectDependencies) = postProject
		{9300B359-D2B4-4153-9A9E-EC6CAF972DCF} = {9300B359-D2B4-4153-9A9E-EC6CAF972DCF}
	EndProjectSection
EndProject
Project("{8BC9CEB8-8B4A-11D0-8D11-00A0C91BC942}") = "WireLibPyBindings", "..\WireLibPyBindings\WireLibPyBindings.2015.vcxproj", "{793E1DCB-1020-4A14-A6E2-A10551523709}"
	ProjectSection(ProjectDependencies) = postProject
		{9300B359-D2B4-4153-9A9E-EC6CAF972DCF} = {9300B359-D2B4-4153-9A9E-EC6CAF972DCF}
	EndProjectSection
EndProject
Project("{8BC9CEB8-8B4A-11D0-8D11-00A0C91BC942}") = "WireCenter", "WireCenter\WireCenter.2015.vcxproj", "{5068BB52-8BA4-4EBA-A607-E7F1018E16B0}"
	ProjectSection(ProjectDependencies) = postProject
		{9300B359-D2B4-4153-9A9E-EC6CAF972DCF} = {9300B359-D2B4-4153-9A9E-EC6CAF972DCF}
		{DD59FE72-FA0A-4F3B-9288-B2ED94218FC9} = {DD59FE72-FA0A-4F3B-9288-B2ED94218FC9}
		{6175E984-2B96-41E2-9FD9-284C308AF155} = {6175E984-2B96-41E2-9FD9-284C308AF155}
	EndProjectSection
EndProject
Global
	GlobalSection(SolutionConfigurationPlatforms) = preSolution
		Debug|x86 = Debug|x86
		Release|x86 = Release|x86
		Template|x86 = Template|x86
	EndGlobalSection
	GlobalSection(ProjectConfigurationPlatforms) = postSolution
		{42C82BC3-D0DD-4E59-B8A0-DC3DF7984F1A}.Debug|x86.ActiveCfg = Debug|Win32
		{42C82BC3-D0DD-4E59-B8A0-DC3DF7984F1A}.Debug|x86.Build.0 = Debug|Win32
		{42C82BC3-D0DD-4E59-B8A0-DC3DF7984F1A}.Release|x86.ActiveCfg = Release|Win32
		{42C82BC3-D0DD-4E59-B8A0-DC3DF7984F1A}.Release|x86.Build.0 = Release|Win32
		{42C82BC3-D0DD-4E59-B8A0-DC3DF7984F1A}.Template|x86.ActiveCfg = Release|Win32
		{42C82BC3-D0DD-4E59-B8A0-DC3DF7984F1A}.Template|x86.Build.0 = Release|Win32
		{9300B359-D2B4-4153-9A9E-EC6CAF972DCF}.Debug|x86.ActiveCfg = Debug|Win32
		{9300B359-D2B4-4153-9A9E-EC6CAF972DCF}.Debug|x86.Build.0 = Debug|Win32
		{9300B359-D2B4-4153-9A9E-EC6CAF972DCF}.Release|x86.ActiveCfg = Release|Win32
		{9300B359-D2B4-4153-9A9E-EC6CAF972DCF}.Release|x86.Build.0 = Release|Win32
		{9300B359-D2B4-4153-9A9E-EC6CAF972DCF}.Template|x86.ActiveCfg = Release|Win32
		{9300B359-D2B4-4153-9A9E-EC6CAF972DCF}.Template|x86.Build.0 = Release|Win32
		{6175E984-2B96-41E2-9FD9-284C308AF155}.Debug|x86.ActiveCfg = Debug|Win32
		{6175E984-2B96-41E2-9FD9-284C308AF155}.Debug|x86.Build.0 = Debug|Win32
		{6175E984-2B96-41E2-9FD9-284C308AF155}.Release|x86.ActiveCfg = Release|Win32
		{6175E984-2B96-41E2-9FD9-284C308AF155}.Release|x86.Build.0 = Release|Win32
		{6175E984-2B96-41E2-9FD9-284C308AF155}.Template|x86.ActiveCfg = Release|Win32
		{6175E984-2B96-41E2-9FD9-284C308AF155}.Template|x86.Build.0 = Release|Win32
		{DF87FC49-7678-CD14-44F2-A421F2B6A51E}.Debug|x86.ActiveCfg = Debug|Win32
		{DF87FC49-7678-CD14-44F2-A421F2B6A51E}.Debug|x86.Build.0 = Debug|Win32
		{DF87FC49-7678-CD14-44F2-A421F2B6A51E}.Release|x86.ActiveCfg = Release|Win32
		{DF87FC49-7678-CD14-44F2-A421F2B6A51E}.Release|x86.Build.0 = Release|Win32
		{DF87FC49-7678-CD14-44F2-A421F2B6A51E}.Template|x86.ActiveCfg = Release|Win32
		{DF87FC49-7678-CD14-44F2-A421F2B6A51E}.Template|x86.Build.0 = Release|Win32
		{DD59FE72-FA0A-4F3B-9288-B2ED94218FC9}.Debug|x86.ActiveCfg = Debug|Win32
		{DD59FE72-FA0A-4F3B-9288-B2ED94218FC9}.Debug|x86.Build.0 = Debug|Win32
		{DD59FE72-FA0A-4F3B-9288-B2ED94218FC9}.Release|x86.ActiveCfg = Release|Win32
		{DD59FE72-FA0A-4F3B-9288-B2ED94218FC9}.Release|x86.Build.0 = Release|Win32
		{DD59FE72-FA0A-4F3B-9288-B2ED94218FC9}.Template|x86.ActiveCfg = Release|Win32
		{DD59FE72-FA0A-4F3B-9288-B2ED94218FC9}.Template|x86.Build.0 = Release|Win32
		{4768D5EE-79AB-4167-911A-7493D7E18945}.Debug|x86.ActiveCfg = Debug|Win32
		{4768D5EE-79AB-4167-911A-7493D7E18945}.Debug|x86.Build.0 = Debug|Win32
		{4768D5EE-79AB-4167-911A-7493D7E18945}.Release|x86.ActiveCfg = Release|Win32
		{4768D5EE-79AB-4167-911A-7493D7E18945}.Release|x86.Build.0 = Release|Win32
		{4768D5EE-79AB-4167-911A-7493D7E18945}.Template|x86.ActiveCfg = Release|Win32
		{4768D5EE-79AB-4167-911A-7493D7E18945}.Template|x86.Build.0 = Release|Win32
		{37CC2307-CEC1-BA46-EA1A-6D5D3F222489}.Debug|x86.ActiveCfg = Debug|Win32
		{37CC2307-CEC1-BA46-EA1A-6D5D3F222489}.Debug|x86.Build.0 = Debug|Win32
		{37CC2307-CEC1-BA46-EA1A-6D5D3F222489}.Release|x86.ActiveCfg = Release|Win32
		{37CC2307-CEC1-BA46-EA1A-6D5D3F222489}.Release|x86.Build.0 = Release|Win32
		{37CC2307-CEC1-BA46-EA1A-6D5D3F222489}.Template|x86.ActiveCfg = Release|Win32
		{37CC2307-CEC1-BA46-EA1A-6D5D3F222489}.Template|x86.Build.0 = Release|Win32
		{50D63844-4197-44E2-894F-408905CA26D2}.Debug|x86.ActiveCfg = Debug|Win32
		{50D63844-4197-44E2-894F-408905CA26D2}.Debug|x86.Build.0 = Debug|Win32
		{50D63844-4197-44E2-894F-408905CA26D2}.Release|x86.ActiveCfg = Release|Win32
		{50D63844-4197-44E2-894F-408905CA26D2}.Release|x86.Build.0 = Release|Win32
		{50D63844-4197-44E2-894F-408905CA26D2}.Template|x86.ActiveCfg = Release|Win32
		{50D63844-4197-44E2-894F-408905CA26D2}.Template|x86.Build.0 = Release|Win32
		{793E1DCB-1020-4A14-A6E2-A10551523709}.Debug|x86.ActiveCfg = Debug|Win32
		{793E1DCB-1020-4A14-A6E2-A10551523709}.Debug|x86.Build.0 = Debug|Win32
		{793E1DCB-1020-4A14-A6E2-A10551523709}.Release|x86.ActiveCfg = Release|Win32
		{793E1DCB-1020-4A14-A6E2-A10551523709}.Release|x86.Build.0 = Release|Win32
		{793E1DCB-1020-4A14-A6E2-A10551523709}.Template|x86.ActiveCfg = Release|Win32
		{793E1DCB-1020-4A14-A6E2-A10551523709}.Template|x86.Build.0 = Release|Win32
		{5068BB52-8BA4-4EBA-A607-E7F1018E16B0}.Debug|x86.ActiveCfg = Debug|Win32
		{5068BB52-8BA4-4EBA-A607-E7F1018E16B0}.Debug|x86.Build.0 = Debug|Win32
		{5068BB52-8BA4-4EBA-A607-E7F1018E16B0}.Release|x86.ActiveCfg = Release|Win32
		{5068BB52-8BA4-4EBA-A607-E7F1018E16B0}.Release|x86.Build.0 = Release|Win32
		{5068BB52-8BA4-4EBA-A607-E7F1018E16B0}.Template|x86.ActiveCfg = Template|Win32
		{5068BB52-8BA4-4EBA-A607-E7F1018E16B0}.Template|x86.Build.0 = Template|Win32
	EndGlobalSection
	GlobalSection(SolutionProperties) = preSolution
		HideSolutionNode = FALSE
	EndGlobalSection
EndGlobal
